{
  "name": "germany-housing-monitor-runtime",
  "lockfileVersion": 3,
  "requires": true,
  "packages": {
    "": {
      "name": "germany-housing-monitor-runtime",
      "devDependencies": {
        "agent-browser": "0.26.0"
      }
    },
    "node_modules/agent-browser": {
      "version": "0.26.0",
      "resolved": "https://registry.npmjs.org/agent-browser/-/agent-browser-0.26.0.tgz",
      "integrity": "sha512-pdqSfjwbFSp+qnwlb2g23e9wXveIOfMi19xpPA9xZUbzEAUp6W4YBZj6Ybj8z4M7WkcbGDDYc+oDIHDt9R3EDQ==",
      "dev": true,
      "hasInstallScript": true,
      "license": "Apache-2.0",
      "bin": {
        "agent-browser": "bin/agent-browser.js"
      }
    }
  }
}
